
Microsoft Visual Studio Solution File, Format Version 12.00
Project("{2150E333-8FDC-42A3-9474-1A3956D46DE8}") = "src", "src", "{B12A6A9E-E0C6-4AE8-9D16-460683666890}"
EndProject
Project("{2150E333-8FDC-42A3-9474-1A3956D46DE8}") = "tests", "tests", "{0478285D-97E6-4501-9438-3F7AF9B48B81}"
EndProject
Project("{FAE04EC0-301F-11D3-BF4B-00C04F79EFBC}") = "CrossTeamTestSuite", "src\CrossTeamTestSuite\CrossTeamTestSuite.csproj", "{2BF8F87C-88F3-4F18-9E39-2C598702EB56}"
EndProject
Project("{FAE04EC0-301F-11D3-BF4B-00C04F79EFBC}") = "CrossTeamTestSuiteTests", "tests\CrossTeamTestSuiteTests\CrossTeamTestSuiteTests.csproj", "{FC3A86AB-9EBE-4613-8D53-194FE7F44456}"
EndProject
Global
	GlobalSection(SolutionConfigurationPlatforms) = preSolution
		Debug|Any CPU = Debug|Any CPU
		Release|Any CPU = Release|Any CPU
	EndGlobalSection
	GlobalSection(NestedProjects) = preSolution
		{2BF8F87C-88F3-4F18-9E39-2C598702EB56} = {B12A6A9E-E0C6-4AE8-9D16-460683666890}
		{FC3A86AB-9EBE-4613-8D53-194FE7F44456} = {0478285D-97E6-4501-9438-3F7AF9B48B81}
	EndGlobalSection
	GlobalSection(ProjectConfigurationPlatforms) = postSolution
		{2BF8F87C-88F3-4F18-9E39-2C598702EB56}.Debug|Any CPU.ActiveCfg = Debug|Any CPU
		{2BF8F87C-88F3-4F18-9E39-2C598702EB56}.Debug|Any CPU.Build.0 = Debug|Any CPU
		{2BF8F87C-88F3-4F18-9E39-2C598702EB56}.Release|Any CPU.ActiveCfg = Release|Any CPU
		{2BF8F87C-88F3-4F18-9E39-2C598702EB56}.Release|Any CPU.Build.0 = Release|Any CPU
		{FC3A86AB-9EBE-4613-8D53-194FE7F44456}.Debug|Any CPU.ActiveCfg = Debug|Any CPU
		{FC3A86AB-9EBE-4613-8D53-194FE7F44456}.Debug|Any CPU.Build.0 = Debug|Any CPU
		{FC3A86AB-9EBE-4613-8D53-194FE7F44456}.Release|Any CPU.ActiveCfg = Release|Any CPU
		{FC3A86AB-9EBE-4613-8D53-194FE7F44456}.Release|Any CPU.Build.0 = Release|Any CPU
	EndGlobalSection
EndGlobal
